
Microsoft Visual Studio Solution File, Format Version 12.00
# Visual Studio Version 18
VisualStudioVersion = 18.2.11408.102 d18.0
MinimumVisualStudioVersion = 10.0.40219.1
Project("{FAE04EC0-301F-11D3-BF4B-00C04F79EFBC}") = "ApiPruebaVoultech.Api", "ApiPruebaVoultech.Api.csproj", "{6AD335A7-8BD3-39D6-C49F-204D0F99ECD7}"
EndProject
Global
	GlobalSection(SolutionConfigurationPlatforms) = preSolution
		Debug|Any CPU = Debug|Any CPU
		Release|Any CPU = Release|Any CPU
	EndGlobalSection
	GlobalSection(ProjectConfigurationPlatforms) = postSolution
		{6AD335A7-8BD3-39D6-C49F-204D0F99ECD7}.Debug|Any CPU.ActiveCfg = Debug|Any CPU
		{6AD335A7-8BD3-39D6-C49F-204D0F99ECD7}.Debug|Any CPU.Build.0 = Debug|Any CPU
		{6AD335A7-8BD3-39D6-C49F-204D0F99ECD7}.Release|Any CPU.ActiveCfg = Release|Any CPU
		{6AD335A7-8BD3-39D6-C49F-204D0F99ECD7}.Release|Any CPU.Build.0 = Release|Any CPU
	EndGlobalSection
	GlobalSection(SolutionProperties) = preSolution
		HideSolutionNode = FALSE
	EndGlobalSection
	GlobalSection(ExtensibilityGlobals) = postSolution
		SolutionGuid = {F43A4004-154F-4945-B78A-DF8D2F5EA3CB}
	EndGlobalSection
EndGlobal
